
Microsoft Visual Studio Solution File, Format Version 12.00
# Visual Studio Version 16
VisualStudioVersion = 16.0.29509.3
MinimumVisualStudioVersion = 10.0.40219.1
Project("{FAE04EC0-301F-11D3-BF4B-00C04F79EFBC}") = "Iceland_shopkeeper.UWP", "Iceland_shopkeeper\Iceland_shopkeeper.UWP\Iceland_shopkeeper.UWP.csproj", "{FE823885-D0FC-4B70-A945-1C6CAA5E047D}"
EndProject
Project("{FAE04EC0-301F-11D3-BF4B-00C04F79EFBC}") = "Iceland_shopkeeper.Android", "Iceland_shopkeeper\Iceland_shopkeeper.Android\Iceland_shopkeeper.Android.csproj", "{1C5E9291-DCEE-460F-830F-DE254FEA910F}"
EndProject
Project("{FAE04EC0-301F-11D3-BF4B-00C04F79EFBC}") = "Iceland_shopkeeper.iOS", "Iceland_shopkeeper\Iceland_shopkeeper.iOS\Iceland_shopkeeper.iOS.csproj", "{69F10177-F828-46D4-8B2D-EE800329F152}"
EndProject
Project("{FAE04EC0-301F-11D3-BF4B-00C04F79EFBC}") = "Iceland_shopkeeper", "Iceland_shopkeeper\Iceland_shopkeeper\Iceland_shopkeeper.csproj", "{4A0FE0AF-C8F5-4CCD-BC65-F30A8AEA99D7}"
EndProject
Global
	GlobalSection(SolutionConfigurationPlatforms) = preSolution
		Debug|Any CPU = Debug|Any CPU
		Debug|ARM = Debug|ARM
		Debug|iPhone = Debug|iPhone
		Debug|iPhoneSimulator = Debug|iPhoneSimulator
		Debug|x64 = Debug|x64
		Debug|x86 = Debug|x86
		Release|Any CPU = Release|Any CPU
		Release|ARM = Release|ARM
		Release|iPhone = Release|iPhone
		Release|iPhoneSimulator = Release|iPhoneSimulator
		Release|x64 = Release|x64
		Release|x86 = Release|x86
	EndGlobalSection
	GlobalSection(ProjectConfigurationPlatforms) = postSolution
		{FE823885-D0FC-4B70-A945-1C6CAA5E047D}.Debug|Any CPU.ActiveCfg = Debug|x86
		{FE823885-D0FC-4B70-A945-1C6CAA5E047D}.Debug|Any CPU.Build.0 = Debug|x86
		{FE823885-D0FC-4B70-A945-1C6CAA5E047D}.Debug|Any CPU.Deploy.0 = Debug|x86
		{FE823885-D0FC-4B70-A945-1C6CAA5E047D}.Debug|ARM.ActiveCfg = Debug|ARM
		{FE823885-D0FC-4B70-A945-1C6CAA5E047D}.Debug|ARM.Build.0 = Debug|ARM
		{FE823885-D0FC-4B70-A945-1C6CAA5E047D}.Debug|ARM.Deploy.0 = Debug|ARM
		{FE823885-D0FC-4B70-A945-1C6CAA5E047D}.Debug|iPhone.ActiveCfg = Debug|x86
		{FE823885-D0FC-4B70-A945-1C6CAA5E047D}.Debug|iPhone.Build.0 = Debug|x86
		{FE823885-D0FC-4B70-A945-1C6CAA5E047D}.Debug|iPhone.Deploy.0 = Debug|x86
		{FE823885-D0FC-4B70-A945-1C6CAA5E047D}.Debug|iPhoneSimulator.ActiveCfg = Debug|x86
		{FE823885-D0FC-4B70-A945-1C6CAA5E047D}.Debug|iPhoneSimulator.Build.0 = Debug|x86
		{FE823885-D0FC-4B70-A945-1C6CAA5E047D}.Debug|iPhoneSimulator.Deploy.0 = Debug|x86
		{FE823885-D0FC-4B70-A945-1C6CAA5E047D}.Debug|x64.ActiveCfg = Debug|x64
		{FE823885-D0FC-4B70-A945-1C6CAA5E047D}.Debug|x64.Build.0 = Debug|x64
		{FE823885-D0FC-4B70-A945-1C6CAA5E047D}.Debug|x64.Deploy.0 = Debug|x64
		{FE823885-D0FC-4B70-A945-1C6CAA5E047D}.Debug|x86.ActiveCfg = Debug|x86
		{FE823885-D0FC-4B70-A945-1C6CAA5E047D}.Debug|x86.Build.0 = Debug|x86
		{FE823885-D0FC-4B70-A945-1C6CAA5E047D}.Debug|x86.Deploy.0 = Debug|x86
		{FE823885-D0FC-4B70-A945-1C6CAA5E047D}.Release|Any CPU.ActiveCfg = Release|x86
		{FE823885-D0FC-4B70-A945-1C6CAA5E047D}.Release|Any CPU.Build.0 = Release|x86
		{FE823885-D0FC-4B70-A945-1C6CAA5E047D}.Release|Any CPU.Deploy.0 = Release|x86
		{FE823885-D0FC-4B70-A945-1C6CAA5E047D}.Release|ARM.ActiveCfg = Release|ARM
		{FE823885-D0FC-4B70-A945-1C6CAA5E047D}.Release|ARM.Build.0 = Release|ARM
		{FE823885-D0FC-4B70-A945-1C6CAA5E047D}.Release|ARM.Deploy.0 = Release|ARM
		{FE823885-D0FC-4B70-A945-1C6CAA5E047D}.Release|iPhone.ActiveCfg = Release|x86
		{FE823885-D0FC-4B70-A945-1C6CAA5E047D}.Release|iPhone.Build.0 = Release|x86
		{FE823885-D0FC-4B70-A945-1C6CAA5E047D}.Release|iPhone.Deploy.0 = Release|x86
		{FE823885-D0FC-4B70-A945-1C6CAA5E047D}.Release|iPhoneSimulator.ActiveCfg = Release|x86
		{FE823885-D0FC-4B70-A945-1C6CAA5E047D}.Release|iPhoneSimulator.Build.0 = Release|x86
		{FE823885-D0FC-4B70-A945-1C6CAA5E047D}.Release|iPhoneSimulator.Deploy.0 = Release|x86
		{FE823885-D0FC-4B70-A945-1C6CAA5E047D}.Release|x64.ActiveCfg = Release|x64
		{FE823885-D0FC-4B70-A945-1C6CAA5E047D}.Release|x64.Build.0 = Release|x64
		{FE823885-D0FC-4B70-A945-1C6CAA5E047D}.Release|x64.Deploy.0 = Release|x64
		{FE823885-D0FC-4B70-A945-1C6CAA5E047D}.Release|x86.ActiveCfg = Release|x86
		{FE823885-D0FC-4B70-A945-1C6CAA5E047D}.Release|x86.Build.0 = Release|x86
		{FE823885-D0FC-4B70-A945-1C6CAA5E047D}.Release|x86.Deploy.0 = Release|x86
		{1C5E9291-DCEE-460F-830F-DE254FEA910F}.Debug|Any CPU.ActiveCfg = Debug|Any CPU
		{1C5E9291-DCEE-460F-830F-DE254FEA910F}.Debug|Any CPU.Build.0 = Debug|Any CPU
		{1C5E9291-DCEE-460F-830F-DE254FEA910F}.Debug|Any CPU.Deploy.0 = Debug|Any CPU
		{1C5E9291-DCEE-460F-830F-DE254FEA910F}.Debug|ARM.ActiveCfg = Debug|Any CPU
		{1C5E9291-DCEE-460F-830F-DE254FEA910F}.Debug|ARM.Build.0 = Debug|Any CPU
		{1C5E9291-DCEE-460F-830F-DE254FEA910F}.Debug|ARM.Deploy.0 = Debug|Any CPU
		{1C5E9291-DCEE-460F-830F-DE254FEA910F}.Debug|iPhone.ActiveCfg = Debug|Any CPU
		{1C5E9291-DCEE-460F-830F-DE254FEA910F}.Debug|iPhone.Build.0 = Debug|Any CPU
		{1C5E9291-DCEE-460F-830F-DE254FEA910F}.Debug|iPhone.Deploy.0 = Debug|Any CPU
		{1C5E9291-DCEE-460F-830F-DE254FEA910F}.Debug|iPhoneSimulator.ActiveCfg = Debug|Any CPU
		{1C5E9291-DCEE-460F-830F-DE254FEA910F}.Debug|iPhoneSimulator.Build.0 = Debug|Any CPU
		{1C5E9291-DCEE-460F-830F-DE254FEA910F}.Debug|iPhoneSimulator.Deploy.0 = Debug|Any CPU
		{1C5E9291-DCEE-460F-830F-DE254FEA910F}.Debug|x64.ActiveCfg = Debug|Any CPU
		{1C5E9291-DCEE-460F-830F-DE254FEA910F}.Debug|x64.Build.0 = Debug|Any CPU
		{1C5E9291-DCEE-460F-830F-DE254FEA910F}.Debug|x64.Deploy.0 = Debug|Any CPU
		{1C5E9291-DCEE-460F-830F-DE254FEA910F}.Debug|x86.ActiveCfg = Debug|Any CPU
		{1C5E9291-DCEE-460F-830F-DE254FEA910F}.Debug|x86.Build.0 = Debug|Any CPU
		{1C5E9291-DCEE-460F-830F-DE254FEA910F}.Debug|x86.Deploy.0 = Debug|Any CPU
		{1C5E9291-DCEE-460F-830F-DE254FEA910F}.Release|Any CPU.ActiveCfg = Release|Any CPU
		{1C5E9291-DCEE-460F-830F-DE254FEA910F}.Release|Any CPU.Build.0 = Release|Any CPU
		{1C5E9291-DCEE-460F-830F-DE254FEA910F}.Release|Any CPU.Deploy.0 = Release|Any CPU
		{1C5E9291-DCEE-460F-830F-DE254FEA910F}.Release|ARM.ActiveCfg = Release|Any CPU
		{1C5E9291-DCEE-460F-830F-DE254FEA910F}.Release|ARM.Build.0 = Release|Any CPU
		{1C5E9291-DCEE-460F-830F-DE254FEA910F}.Release|ARM.Deploy.0 = Release|Any CPU
		{1C5E9291-DCEE-460F-830F-DE254FEA910F}.Release|iPhone.ActiveCfg = Release|Any CPU
		{1C5E9291-DCEE-460F-830F-DE254FEA910F}.Release|iPhone.Build.0 = Release|Any CPU
		{1C5E9291-DCEE-460F-830F-DE254FEA910F}.Release|iPhone.Deploy.0 = Release|Any CPU
		{1C5E9291-DCEE-460F-830F-DE254FEA910F}.Release|iPhoneSimulator.ActiveCfg = Release|Any CPU
		{1C5E9291-DCEE-460F-830F-DE254FEA910F}.Release|iPhoneSimulator.Build.0 = Release|Any CPU
		{1C5E9291-DCEE-460F-830F-DE254FEA910F}.Release|iPhoneSimulator.Deploy.0 = Release|Any CPU
		{1C5E9291-DCEE-460F-830F-DE254FEA910F}.Release|x64.ActiveCfg = Release|Any CPU
		{1C5E9291-DCEE-460F-830F-DE254FEA910F}.Release|x64.Build.0 = Release|Any CPU
		{1C5E9291-DCEE-460F-830F-DE254FEA910F}.Release|x64.Deploy.0 = Release|Any CPU
		{1C5E9291-DCEE-460F-830F-DE254FEA910F}.Release|x86.ActiveCfg = Release|Any CPU
		{1C5E9291-DCEE-460F-830F-DE254FEA910F}.Release|x86.Build.0 = Release|Any CPU
		{1C5E9291-DCEE-460F-830F-DE254FEA910F}.Release|x86.Deploy.0 = Release|Any CPU
		{69F10177-F828-46D4-8B2D-EE800329F152}.Debug|Any CPU.ActiveCfg = Debug|iPhone
		{69F10177-F828-46D4-8B2D-EE800329F152}.Debug|Any CPU.Build.0 = Debug|iPhone
		{69F10177-F828-46D4-8B2D-EE800329F152}.Debug|Any CPU.Deploy.0 = Debug|iPhone
		{69F10177-F828-46D4-8B2D-EE800329F152}.Debug|ARM.ActiveCfg = Debug|iPhoneSimulator
		{69F10177-F828-46D4-8B2D-EE800329F152}.Debug|ARM.Build.0 = Debug|iPhoneSimulator
		{69F10177-F828-46D4-8B2D-EE800329F152}.Debug|ARM.Deploy.0 = Debug|iPhoneSimulator
		{69F10177-F828-46D4-8B2D-EE800329F152}.Debug|iPhone.ActiveCfg = Debug|iPhone
		{69F10177-F828-46D4-8B2D-EE800329F152}.Debug|iPhone.Build.0 = Debug|iPhone
		{69F10177-F828-46D4-8B2D-EE800329F152}.Debug|iPhone.Deploy.0 = Debug|iPhone
		{69F10177-F828-46D4-8B2D-EE800329F152}.Debug|iPhoneSimulator.ActiveCfg = Debug|iPhoneSimulator
		{69F10177-F828-46D4-8B2D-EE800329F152}.Debug|iPhoneSimulator.Build.0 = Debug|iPhoneSimulator
		{69F10177-F828-46D4-8B2D-EE800329F152}.Debug|iPhoneSimulator.Deploy.0 = Debug|iPhoneSimulator
		{69F10177-F828-46D4-8B2D-EE800329F152}.Debug|x64.ActiveCfg = Debug|iPhone
		{69F10177-F828-46D4-8B2D-EE800329F152}.Debug|x64.Build.0 = Debug|iPhone
		{69F10177-F828-46D4-8B2D-EE800329F152}.Debug|x64.Deploy.0 = Debug|iPhone
		{69F10177-F828-46D4-8B2D-EE800329F152}.Debug|x86.ActiveCfg = Debug|iPhone
		{69F10177-F828-46D4-8B2D-EE800329F152}.Debug|x86.Build.0 = Debug|iPhone
		{69F10177-F828-46D4-8B2D-EE800329F152}.Debug|x86.Deploy.0 = Debug|iPhone
		{69F10177-F828-46D4-8B2D-EE800329F152}.Release|Any CPU.ActiveCfg = Release|iPhone
		{69F10177-F828-46D4-8B2D-EE800329F152}.Release|Any CPU.Build.0 = Release|iPhone
		{69F10177-F828-46D4-8B2D-EE800329F152}.Release|Any CPU.Deploy.0 = Release|iPhone
		{69F10177-F828-46D4-8B2D-EE800329F152}.Release|ARM.ActiveCfg = Release|iPhone
		{69F10177-F828-46D4-8B2D-EE800329F152}.Release|ARM.Build.0 = Release|iPhone
		{69F10177-F828-46D4-8B2D-EE800329F152}.Release|ARM.Deploy.0 = Release|iPhone
		{69F10177-F828-46D4-8B2D-EE800329F152}.Release|iPhone.ActiveCfg = Release|iPhone
		{69F10177-F828-46D4-8B2D-EE800329F152}.Release|iPhone.Build.0 = Release|iPhone
		{69F10177-F828-46D4-8B2D-EE800329F152}.Release|iPhone.Deploy.0 = Release|iPhone
		{69F10177-F828-46D4-8B2D-EE800329F152}.Release|iPhoneSimulator.ActiveCfg = Release|iPhoneSimulator
		{69F10177-F828-46D4-8B2D-EE800329F152}.Release|iPhoneSimulator.Build.0 = Release|iPhoneSimulator
		{69F10177-F828-46D4-8B2D-EE800329F152}.Release|iPhoneSimulator.Deploy.0 = Release|iPhoneSimulator
		{69F10177-F828-46D4-8B2D-EE800329F152}.Release|x64.ActiveCfg = Release|iPhone
		{69F10177-F828-46D4-8B2D-EE800329F152}.Release|x64.Build.0 = Release|iPhone
		{69F10177-F828-46D4-8B2D-EE800329F152}.Release|x64.Deploy.0 = Release|iPhone
		{69F10177-F828-46D4-8B2D-EE800329F152}.Release|x86.ActiveCfg = Release|iPhone
		{69F10177-F828-46D4-8B2D-EE800329F152}.Release|x86.Build.0 = Release|iPhone
		{69F10177-F828-46D4-8B2D-EE800329F152}.Release|x86.Deploy.0 = Release|iPhone
		{4A0FE0AF-C8F5-4CCD-BC65-F30A8AEA99D7}.Debug|Any CPU.ActiveCfg = Debug|Any CPU
		{4A0FE0AF-C8F5-4CCD-BC65-F30A8AEA99D7}.Debug|Any CPU.Build.0 = Debug|Any CPU
		{4A0FE0AF-C8F5-4CCD-BC65-F30A8AEA99D7}.Debug|Any CPU.Deploy.0 = Debug|Any CPU
		{4A0FE0AF-C8F5-4CCD-BC65-F30A8AEA99D7}.Debug|ARM.ActiveCfg = Debug|Any CPU
		{4A0FE0AF-C8F5-4CCD-BC65-F30A8AEA99D7}.Debug|ARM.Build.0 = Debug|Any CPU
		{4A0FE0AF-C8F5-4CCD-BC65-F30A8AEA99D7}.Debug|ARM.Deploy.0 = Debug|Any CPU
		{4A0FE0AF-C8F5-4CCD-BC65-F30A8AEA99D7}.Debug|iPhone.ActiveCfg = Debug|Any CPU
		{4A0FE0AF-C8F5-4CCD-BC65-F30A8AEA99D7}.Debug|iPhone.Build.0 = Debug|Any CPU
		{4A0FE0AF-C8F5-4CCD-BC65-F30A8AEA99D7}.Debug|iPhone.Deploy.0 = Debug|Any CPU
		{4A0FE0AF-C8F5-4CCD-BC65-F30A8AEA99D7}.Debug|iPhoneSimulator.ActiveCfg = Debug|Any CPU
		{4A0FE0AF-C8F5-4CCD-BC65-F30A8AEA99D7}.Debug|iPhoneSimulator.Build.0 = Debug|Any CPU
		{4A0FE0AF-C8F5-4CCD-BC65-F30A8AEA99D7}.Debug|iPhoneSimulator.Deploy.0 = Debug|Any CPU
		{4A0FE0AF-C8F5-4CCD-BC65-F30A8AEA99D7}.Debug|x64.ActiveCfg = Debug|Any CPU
		{4A0FE0AF-C8F5-4CCD-BC65-F30A8AEA99D7}.Debug|x64.Build.0 = Debug|Any CPU
		{4A0FE0AF-C8F5-4CCD-BC65-F30A8AEA99D7}.Debug|x64.Deploy.0 = Debug|Any CPU
		{4A0FE0AF-C8F5-4CCD-BC65-F30A8AEA99D7}.Debug|x86.ActiveCfg = Debug|Any CPU
		{4A0FE0AF-C8F5-4CCD-BC65-F30A8AEA99D7}.Debug|x86.Build.0 = Debug|Any CPU
		{4A0FE0AF-C8F5-4CCD-BC65-F30A8AEA99D7}.Debug|x86.Deploy.0 = Debug|Any CPU
		{4A0FE0AF-C8F5-4CCD-BC65-F30A8AEA99D7}.Release|Any CPU.ActiveCfg = Release|Any CPU
		{4A0FE0AF-C8F5-4CCD-BC65-F30A8AEA99D7}.Release|Any CPU.Build.0 = Release|Any CPU
		{4A0FE0AF-C8F5-4CCD-BC65-F30A8AEA99D7}.Release|Any CPU.Deploy.0 = Release|Any CPU
		{4A0FE0AF-C8F5-4CCD-BC65-F30A8AEA99D7}.Release|ARM.ActiveCfg = Release|Any CPU
		{4A0FE0AF-C8F5-4CCD-BC65-F30A8AEA99D7}.Release|ARM.Build.0 = Release|Any CPU
		{4A0FE0AF-C8F5-4CCD-BC65-F30A8AEA99D7}.Release|ARM.Deploy.0 = Release|Any CPU
		{4A0FE0AF-C8F5-4CCD-BC65-F30A8AEA99D7}.Release|iPhone.ActiveCfg = Release|Any CPU
		{4A0FE0AF-C8F5-4CCD-BC65-F30A8AEA99D7}.Release|iPhone.Build.0 = Release|Any CPU
		{4A0FE0AF-C8F5-4CCD-BC65-F30A8AEA99D7}.Release|iPhone.Deploy.0 = Release|Any CPU
		{4A0FE0AF-C8F5-4CCD-BC65-F30A8AEA99D7}.Release|iPhoneSimulator.ActiveCfg = Release|Any CPU
		{4A0FE0AF-C8F5-4CCD-BC65-F30A8AEA99D7}.Release|iPhoneSimulator.Build.0 = Release|Any CPU
		{4A0FE0AF-C8F5-4CCD-BC65-F30A8AEA99D7}.Release|iPhoneSimulator.Deploy.0 = Release|Any CPU
		{4A0FE0AF-C8F5-4CCD-BC65-F30A8AEA99D7}.Release|x64.ActiveCfg = Release|Any CPU
		{4A0FE0AF-C8F5-4CCD-BC65-F30A8AEA99D7}.Release|x64.Build.0 = Release|Any CPU
		{4A0FE0AF-C8F5-4CCD-BC65-F30A8AEA99D7}.Release|x64.Deploy.0 = Release|Any CPU
		{4A0FE0AF-C8F5-4CCD-BC65-F30A8AEA99D7}.Release|x86.ActiveCfg = Release|Any CPU
		{4A0FE0AF-C8F5-4CCD-BC65-F30A8AEA99D7}.Release|x86.Build.0 = Release|Any CPU
		{4A0FE0AF-C8F5-4CCD-BC65-F30A8AEA99D7}.Release|x86.Deploy.0 = Release|Any CPU
	EndGlobalSection
	GlobalSection(SolutionProperties) = preSolution
		HideSolutionNode = FALSE
	EndGlobalSection
	GlobalSection(ExtensibilityGlobals) = postSolution
		SolutionGuid = {25C0C4B9-6A70-4A98-8023-918E401D7DD3}
	EndGlobalSection
EndGlobal
